
Microsoft Visual Studio Solution File, Format Version 12.00
# Visual Studio Version 16
VisualStudioVersion = 25.0.1704.2
MinimumVisualStudioVersion = 10.0.40219.1
Project("{FAE04EC0-301F-11D3-BF4B-00C04F79EFBC}") = "Core", "Core\Core.csproj", "{BC4B3DA7-2828-4AFD-8B8B-39BE9E7044F1}"
EndProject
Project("{FAE04EC0-301F-11D3-BF4B-00C04F79EFBC}") = "Data", "Data\Data.csproj", "{8BB9D072-3DFB-456A-87AC-D309D472B2A7}"
EndProject
Project("{FAE04EC0-301F-11D3-BF4B-00C04F79EFBC}") = "Presentation", "Presentation\Presentation.csproj", "{D2D670A2-E737-447A-A928-25385AD86A21}"
EndProject
Global
	GlobalSection(SolutionConfigurationPlatforms) = preSolution
		Debug|Any CPU = Debug|Any CPU
		Release|Any CPU = Release|Any CPU
	EndGlobalSection
	GlobalSection(ProjectConfigurationPlatforms) = postSolution
		{BC4B3DA7-2828-4AFD-8B8B-39BE9E7044F1}.Debug|Any CPU.ActiveCfg = Debug|Any CPU
		{BC4B3DA7-2828-4AFD-8B8B-39BE9E7044F1}.Debug|Any CPU.Build.0 = Debug|Any CPU
		{BC4B3DA7-2828-4AFD-8B8B-39BE9E7044F1}.Release|Any CPU.ActiveCfg = Release|Any CPU
		{BC4B3DA7-2828-4AFD-8B8B-39BE9E7044F1}.Release|Any CPU.Build.0 = Release|Any CPU
		{8BB9D072-3DFB-456A-87AC-D309D472B2A7}.Debug|Any CPU.ActiveCfg = Debug|Any CPU
		{8BB9D072-3DFB-456A-87AC-D309D472B2A7}.Debug|Any CPU.Build.0 = Debug|Any CPU
		{8BB9D072-3DFB-456A-87AC-D309D472B2A7}.Release|Any CPU.ActiveCfg = Release|Any CPU
		{8BB9D072-3DFB-456A-87AC-D309D472B2A7}.Release|Any CPU.Build.0 = Release|Any CPU
		{D2D670A2-E737-447A-A928-25385AD86A21}.Debug|Any CPU.ActiveCfg = Debug|Any CPU
		{D2D670A2-E737-447A-A928-25385AD86A21}.Debug|Any CPU.Build.0 = Debug|Any CPU
		{D2D670A2-E737-447A-A928-25385AD86A21}.Release|Any CPU.ActiveCfg = Release|Any CPU
		{D2D670A2-E737-447A-A928-25385AD86A21}.Release|Any CPU.Build.0 = Release|Any CPU
	EndGlobalSection
	GlobalSection(SolutionProperties) = preSolution
		HideSolutionNode = FALSE
	EndGlobalSection
	GlobalSection(ExtensibilityGlobals) = postSolution
		SolutionGuid = {83A97B42-369B-47E7-9EF6-34D8DF57E800}
	EndGlobalSection
EndGlobal
